<?xml version="1.0" encoding="utf-8"?>
<Project ToolsVersion="4.0" xmlns="http://schemas.microsoft.com/developer/msbuild/2003">
  <ItemGroup>
    <FxCompile Include="Resources\shaders\GaussianBlurPS.hlsl" />
    <FxCompile Include="Resources\shaders\GaussianBlurVS.hlsl" />
    <FxCompile Include="Resources\shaders\CG4PS.hlsl" />
    <FxCompile Include="Resources\shaders\CG4VS.hlsl" />
    <FxCompile Include="Resources\shaders\ModelPS.hlsl" />
    <FxCompile Include="Resources\shaders\ModelVS.hlsl" />
    <FxCompile Include="Resources\shaders\ObjPS.hlsl" />
    <FxCompile Include="Resources\shaders\ObjVS.hlsl" />
    <FxCompile Include="Resources\shaders\Particle3DGS.hlsl" />
    <FxCompile Include="Resources\shaders\Particle3DPS.hlsl" />
    <FxCompile Include="Resources\shaders\Particle3DVS.hlsl" />
    <FxCompile Include="Resources\shaders\RadialBlurPS.hlsl" />
    <FxCompile Include="Resources\shaders\RadialBlurVS.hlsl" />
    <FxCompile Include="Resources\shaders\SpritePS.hlsl" />
    <FxCompile Include="Resources\shaders\SpriteVS.hlsl" />
    <FxCompile Include="Resources\shaders\TilePS.hlsl" />
    <FxCompile Include="Resources\shaders\TileVS.hlsl" />
    <FxCompile Include="Resources\shaders\FbxPS.hlsl" />
    <FxCompile Include="Resources\shaders\FbxVS.hlsl" />
  </ItemGroup>
  <ItemGroup>
    <ClCompile Include="Application\ソースファイル\Bullet\BulletFactory.cpp" />
    <ClCompile Include="Application\ソースファイル\Chara\Enemy\EnemyFactory.cpp" />
    <ClCompile Include="Application\ソースファイル\Chara\Enemy\EnemyManager.cpp" />
    <ClCompile Include="Application\ソースファイル\Field\Field.cpp" />
    <ClCompile Include="Application\ソースファイル\Bullet\IBullet.cpp" />
    <ClCompile Include="Application\ソースファイル\Bullet\BulletManager.cpp" />
    <ClCompile Include="Application\ソースファイル\Chara\Enemy\IEnemy.cpp" />
    <ClCompile Include="Application\ソースファイル\Scene\IScene.cpp" />
    <ClCompile Include="Application\ソースファイル\Bullet\LineBullet.cpp" />
    <ClCompile Include="Engine\ソースファイル\Loader\NAssimpLoader.cpp" />
    <ClCompile Include="Engine\ソースファイル\Util\NImGuiManager.cpp" />
    <ClCompile Include="Engine\ソースファイル\Collision\NBaseCollider.cpp" />
    <ClCompile Include="Engine\ソースファイル\Util\NCameraManager.cpp" />
    <ClCompile Include="Engine\ソースファイル\Collision\NCollider.cpp" />
    <ClCompile Include="Engine\ソースファイル\Collision\NCollisionManager.cpp" />
    <ClCompile Include="Engine\ソースファイル\Util\NEasing.cpp" />
    <ClCompile Include="Engine\ソースファイル\Loader\NLevelDataLoader.cpp" />
    <ClCompile Include="Engine\ソースファイル\Util\NAudioManager.cpp" />
    <ClCompile Include="Engine\ソースファイル\Light\NCircleShadow.cpp" />
    <ClCompile Include="Engine\ソースファイル\Util\NColor.cpp" />
    <ClCompile Include="Engine\ソースファイル\Buffer\NConstBuff.cpp" />
    <ClCompile Include="Engine\ソースファイル\Light\NDirectionalLight.cpp" />
    <ClCompile Include="Engine\ソースファイル\Util\NAudio.cpp" />
    <ClCompile Include="Engine\ソースファイル\Util\NCamera.cpp" />
    <ClCompile Include="Engine\ソースファイル\Collision\NCollision.cpp" />
    <ClCompile Include="Application\ソースファイル\Scene\NGameScene.cpp" />
    <ClCompile Include="Engine\ソースファイル\Buffer\NIndexBuff.cpp" />
    <ClCompile Include="Engine\ソースファイル\Math\NMathUtil.cpp" />
    <ClCompile Include="Engine\ソースファイル\3D\IModel.cpp" />
    <ClCompile Include="Engine\ソースファイル\3D\NMtllib.cpp" />
    <ClCompile Include="Engine\ソースファイル\Basic\NPreDraw.cpp" />
    <ClCompile Include="Engine\ソースファイル\3D\NObj3d.cpp" />
    <ClCompile Include="Engine\ソースファイル\Pipeline\NMaterial.cpp" />
    <ClCompile Include="Engine\ソースファイル\Pipeline\NGPipeline.cpp" />
    <ClCompile Include="Engine\ソースファイル\Math\NMatrix4.cpp" />
    <ClCompile Include="Engine\ソースファイル\Basic\NDX12.cpp" />
    <ClCompile Include="Engine\ソースファイル\Basic\NInput.cpp" />
    <ClCompile Include="Engine\ソースファイル\FrameWork\NFramework.cpp" />
    <ClCompile Include="Engine\ソースファイル\FrameWork\NGame.cpp" />
    <ClCompile Include="main\main.cpp" />
    <ClCompile Include="Engine\ソースファイル\Math\NQuaternion.cpp" />
    <ClCompile Include="Engine\ソースファイル\Pipeline\NRootParam.cpp" />
    <ClCompile Include="Engine\ソースファイル\Pipeline\NRootSignature.cpp" />
    <ClCompile Include="Application\ソースファイル\Scene\NSceneManager.cpp" />
    <ClCompile Include="Engine\ソースファイル\2D\NSprite.cpp" />
    <ClCompile Include="Engine\ソースファイル\Basic\NTexture.cpp" />
    <ClCompile Include="Application\ソースファイル\Scene\NTitleScene.cpp" />
    <ClCompile Include="Engine\ソースファイル\Basic\NVertex.cpp" />
    <ClCompile Include="Engine\ソースファイル\Buffer\NVertexBuff.cpp" />
    <ClCompile Include="Engine\ソースファイル\Basic\NWindows.cpp" />
    <ClCompile Include="Engine\ソースファイル\Math\NVec2.cpp" />
    <ClCompile Include="Engine\ソースファイル\Math\NVec3.cpp" />
    <ClCompile Include="Engine\ソースファイル\Light\NLightGroup.cpp" />
    <ClCompile Include="Engine\ソースファイル\3D\NModelManager.cpp" />
    <ClCompile Include="Engine\ソースファイル\PostEffect\GaussianBlur.cpp" />
    <ClCompile Include="Engine\ソースファイル\Particle\NParticle2D.cpp" />
    <ClCompile Include="Engine\ソースファイル\Particle\NParticleManager.cpp" />
    <ClCompile Include="Engine\ソースファイル\Light\NPointLight.cpp" />
    <ClCompile Include="Engine\ソースファイル\PostEffect\NPostEffect.cpp" />
    <ClCompile Include="Application\ソースファイル\Scene\NTestScene.cpp" />
    <ClCompile Include="Application\ソースファイル\Scene\NSceneChange.cpp" />
    <ClCompile Include="Engine\ソースファイル\Pipeline\NShader.cpp" />
    <ClCompile Include="Engine\ソースファイル\Light\NSpotLight.cpp" />
    <ClCompile Include="Engine\ソースファイル\3D\NTile.cpp" />
    <ClCompile Include="Engine\ソースファイル\Util\NTimer.cpp" />
    <ClCompile Include="Engine\ソースファイル\Util\NUtil.cpp" />
    <ClCompile Include="Engine\ソースファイル\Math\NVec4.cpp" />
    <ClCompile Include="Engine\ソースファイル\Particle\NParticle3D.cpp" />
    <ClCompile Include="Application\ソースファイル\Chara\Player\Player.cpp" />
    <ClCompile Include="Engine\ソースファイル\PostEffect\RadialBlur.cpp" />
    <ClCompile Include="Application\ソースファイル\Bullet\SideBullet.cpp" />
    <ClCompile Include="Engine\ソースファイル\Particle\SimpleParticle.cpp" />
    <ClCompile Include="Engine\ソースファイル\Collision\SphereCollider.cpp" />
    <ClCompile Include="Application\ソースファイル\Field\Wave.cpp" />
    <ClCompile Include="Application\ソースファイル\Chara\Enemy\Mouse.cpp" />
    <ClCompile Include="Engine\ソースファイル\3D\NFbxModel.cpp" />
    <ClCompile Include="Engine\ソースファイル\3D\NMesh.cpp" />
    <ClCompile Include="Engine\ソースファイル\3D\NObjModel.cpp" />
    <ClCompile Include="Engine\ソースファイル\Util\NumDrower.cpp" />
    <ClCompile Include="Application\ソースファイル\Field\Score.cpp" />
    <ClInclude Include="Application\ヘッダーファイル\Bullet\BulletFactory.h" />
    <ClInclude Include="Application\ヘッダーファイル\Chara\Enemy\EnemyFactory.h" />
    <ClInclude Include="Application\ヘッダーファイル\Chara\Enemy\EnemyManager.h" />
    <ClInclude Include="Application\ヘッダーファイル\Field\Field.h" />
    <ClInclude Include="Application\ヘッダーファイル\Bullet\IBullet.h" />
    <ClInclude Include="Application\ヘッダーファイル\Bullet\BulletManager.h" />
    <ClInclude Include="Application\ヘッダーファイル\Chara\Enemy\IEnemy.h" />
    <ClInclude Include="Application\ヘッダーファイル\Scene\IScene.h" />
    <ClInclude Include="Application\ヘッダーファイル\Bullet\LineBullet.h" />
    <ClInclude Include="Engine\ヘッダーファイル\Loader\NAssimpLoader.h" />
    <ClInclude Include="External\json.hpp" />
    <ClInclude Include="Engine\ヘッダーファイル\Collision\NBaseCollider.h" />
    <ClInclude Include="Engine\ヘッダーファイル\Util\NCameraManager.h" />
    <ClInclude Include="Engine\ヘッダーファイル\Collision\NCollider.h" />
    <ClInclude Include="Engine\ヘッダーファイル\Collision\NCollisionManager.h" />
    <ClInclude Include="Engine\ヘッダーファイル\Util\NEasing.h" />
    <ClInclude Include="Engine\ヘッダーファイル\Loader\NLevelDataLoader.h" />
    <ClInclude Include="Engine\ヘッダーファイル\Buffer\NConstBuffData.h" />
    <ClInclude Include="Engine\ヘッダーファイル\Util\NImGuiManager.h" />
    <ClInclude Include="Engine\ヘッダーファイル\Util\NAudioManager.h" />
    <ClInclude Include="Engine\ヘッダーファイル\Light\NCircleShadow.h" />
    <ClInclude Include="Engine\ヘッダーファイル\Util\NColor.h" />
    <ClInclude Include="Engine\ヘッダーファイル\Buffer\NConstBuff.h" />
    <ClInclude Include="Engine\ヘッダーファイル\Light\NDirectionalLight.h" />
    <ClInclude Include="Engine\ヘッダーファイル\Util\NAudio.h" />
    <ClInclude Include="Engine\ヘッダーファイル\Util\NCamera.h" />
    <ClInclude Include="Engine\ヘッダーファイル\Collision\NCollision.h" />
    <ClInclude Include="Application\ヘッダーファイル\Scene\NGameScene.h" />
    <ClInclude Include="Engine\ヘッダーファイル\Buffer\NIndexBuff.h" />
    <ClInclude Include="Engine\ヘッダーファイル\Math\NMathUtil.h" />
    <ClInclude Include="Engine\ヘッダーファイル\3D\IModel.h" />
    <ClInclude Include="Engine\ヘッダーファイル\3D\NMtllib.h" />
    <ClInclude Include="Engine\ヘッダーファイル\Basic\NPreDraw.h" />
    <ClInclude Include="Engine\ヘッダーファイル\3D\NObj3d.h" />
    <ClInclude Include="Engine\ヘッダーファイル\Pipeline\NMaterial.h" />
    <ClInclude Include="Engine\ヘッダーファイル\Pipeline\NGPipeline.h" />
    <ClInclude Include="Engine\ヘッダーファイル\Math\NMatrix4.h" />
    <ClInclude Include="Engine\ヘッダーファイル\Basic\NDX12.h" />
    <ClInclude Include="Engine\ヘッダーファイル\Basic\NInput.h" />
    <ClInclude Include="Engine\ヘッダーファイル\Math\NQuaternion.h" />
    <ClInclude Include="Engine\ヘッダーファイル\Pipeline\NRootParam.h" />
    <ClInclude Include="Engine\ヘッダーファイル\Pipeline\NRootSignature.h" />
    <ClInclude Include="Application\ヘッダーファイル\Scene\NSceneManager.h" />
    <ClInclude Include="Engine\ヘッダーファイル\2D\NSprite.h" />
    <ClInclude Include="Engine\ヘッダーファイル\Basic\NTexture.h" />
    <ClInclude Include="Application\ヘッダーファイル\Scene\NTitleScene.h" />
    <ClInclude Include="Engine\ヘッダーファイル\Basic\NVertex.h" />
    <ClInclude Include="Engine\ヘッダーファイル\Buffer\NVertexBuff.h" />
    <ClInclude Include="Engine\ヘッダーファイル\Basic\NWindows.h" />
    <ClInclude Include="Engine\ヘッダーファイル\Math\NVec2.h" />
    <ClInclude Include="Engine\ヘッダーファイル\Math\NVec3.h" />
    <ClInclude Include="Engine\ヘッダーファイル\FrameWork\NFramework.h" />
    <ClInclude Include="Engine\ヘッダーファイル\FrameWork\NGame.h" />
    <ClInclude Include="Engine\ヘッダーファイル\Light\NLightGroup.h" />
    <ClInclude Include="Engine\ヘッダーファイル\3D\NModelManager.h" />
    <ClInclude Include="Engine\ヘッダーファイル\PostEffect\GaussianBlur.h" />
    <ClInclude Include="Engine\ヘッダーファイル\Particle\NParticle2D.h" />
    <ClInclude Include="Engine\ヘッダーファイル\Particle\NParticleManager.h" />
    <ClInclude Include="Engine\ヘッダーファイル\Light\NPointLight.h" />
    <ClInclude Include="Engine\ヘッダーファイル\PostEffect\NPostEffect.h" />
    <ClInclude Include="Application\ヘッダーファイル\Scene\NTestScene.h" />
    <ClInclude Include="Application\ヘッダーファイル\Scene\NSceneChange.h" />
    <ClInclude Include="Engine\ヘッダーファイル\Pipeline\NShader.h" />
    <ClInclude Include="Engine\ヘッダーファイル\Light\NSpotLight.h" />
    <ClInclude Include="Engine\ヘッダーファイル\3D\NTile.h" />
    <ClInclude Include="Engine\ヘッダーファイル\Util\NTimer.h" />
    <ClInclude Include="Engine\ヘッダーファイル\Util\NUtil.h" />
    <ClInclude Include="Engine\ヘッダーファイル\Math\NVec4.h" />
    <ClInclude Include="Engine\ヘッダーファイル\Particle\NParticle3D.h" />
    <ClInclude Include="Application\ヘッダーファイル\Chara\Player\Player.h" />
    <ClInclude Include="Engine\ヘッダーファイル\PostEffect\RadialBlur.h" />
    <ClInclude Include="Application\ヘッダーファイル\Bullet\SideBullet.h" />
    <ClInclude Include="Engine\ヘッダーファイル\Particle\SimpleParticle.h" />
    <ClInclude Include="Engine\ヘッダーファイル\Collision\SphereCollider.h" />
    <ClInclude Include="Application\ヘッダーファイル\Field\Wave.h" />
    <ClInclude Include="Application\ヘッダーファイル\Chara\Enemy\Mouse.h" />
    <ClInclude Include="Application\ヘッダーファイル\Item\Item.h" />
    <ClInclude Include="Application\ヘッダーファイル\Item\ItemManager.h" />
    <ClCompile Include="PlaneCollider.cpp" />
  </ItemGroup>
  <ItemGroup>
    <ClCompile Include="Engine\ソースファイル\Math\NMatrix4.cpp">
      <Filter>Engine\ソース ファイル\Math</Filter>
    </ClCompile>
    <ClCompile Include="Engine\ソースファイル\Math\NVec2.cpp">
      <Filter>Engine\ソース ファイル\Math</Filter>
    </ClCompile>
    <ClCompile Include="Engine\ソースファイル\Math\NVec3.cpp">
      <Filter>Engine\ソース ファイル\Math</Filter>
    </ClCompile>
    <ClCompile Include="Engine\ソースファイル\Pipeline\NGPipeline.cpp">
      <Filter>Engine\ソース ファイル\PipeLine</Filter>
    </ClCompile>
    <ClCompile Include="Engine\ソースファイル\Pipeline\NRootParam.cpp">
      <Filter>Engine\ソース ファイル\PipeLine</Filter>
    </ClCompile>
    <ClCompile Include="Engine\ソースファイル\Pipeline\NRootSignature.cpp">
      <Filter>Engine\ソース ファイル\PipeLine</Filter>
    </ClCompile>
    <ClCompile Include="Engine\ソースファイル\Pipeline\NMaterial.cpp">
      <Filter>Engine\ソース ファイル\PipeLine</Filter>
    </ClCompile>
    <ClCompile Include="Application\ソースファイル\Scene\NGameScene.cpp">
      <Filter>Application\ソースファイル\Scene</Filter>
    </ClCompile>
    <ClCompile Include="Application\ソースファイル\Scene\NSceneManager.cpp">
      <Filter>Application\ソースファイル\Scene</Filter>
    </ClCompile>
    <ClCompile Include="Application\ソースファイル\Scene\NTitleScene.cpp">
      <Filter>Application\ソースファイル\Scene</Filter>
    </ClCompile>
    <ClCompile Include="Engine\ソースファイル\3D\NObj3d.cpp">
      <Filter>Engine\ソース ファイル\3D</Filter>
    </ClCompile>
    <ClCompile Include="Engine\ソースファイル\2D\NSprite.cpp">
      <Filter>Engine\ソース ファイル\2D</Filter>
    </ClCompile>
    <ClCompile Include="Engine\ソースファイル\Basic\NDX12.cpp">
      <Filter>Engine\ソース ファイル\Basic</Filter>
    </ClCompile>
    <ClCompile Include="Engine\ソースファイル\Basic\NInput.cpp">
      <Filter>Engine\ソース ファイル\Basic</Filter>
    </ClCompile>
    <ClCompile Include="Engine\ソースファイル\Basic\NWindows.cpp">
      <Filter>Engine\ソース ファイル\Basic</Filter>
    </ClCompile>
    <ClCompile Include="main\main.cpp">
      <Filter>main</Filter>
    </ClCompile>
    <ClCompile Include="Engine\ソースファイル\Basic\NPreDraw.cpp">
      <Filter>Engine\ソース ファイル\Basic</Filter>
    </ClCompile>
    <ClCompile Include="Engine\ソースファイル\Buffer\NVertexBuff.cpp">
      <Filter>Engine\ソース ファイル\Buffer</Filter>
    </ClCompile>
    <ClCompile Include="Engine\ソースファイル\Buffer\NIndexBuff.cpp">
      <Filter>Engine\ソース ファイル\Buffer</Filter>
    </ClCompile>
    <ClCompile Include="Engine\ソースファイル\Basic\NTexture.cpp">
      <Filter>Engine\ソース ファイル\Basic</Filter>
    </ClCompile>
    <ClCompile Include="Engine\ソースファイル\Basic\NVertex.cpp">
      <Filter>Engine\ソース ファイル\Basic</Filter>
    </ClCompile>
    <ClCompile Include="Engine\ソースファイル\Math\NQuaternion.cpp">
      <Filter>Engine\ソース ファイル\Math</Filter>
    </ClCompile>
    <ClCompile Include="Engine\ソースファイル\3D\NMtllib.cpp">
      <Filter>Engine\ソース ファイル\3D</Filter>
    </ClCompile>
    <ClCompile Include="Engine\ソースファイル\Collision\NCollision.cpp">
      <Filter>Engine\ソース ファイル\Collision</Filter>
    </ClCompile>
    <ClCompile Include="Engine\ソースファイル\Math\NMathUtil.cpp">
      <Filter>Engine\ソース ファイル\Math</Filter>
    </ClCompile>
    <ClCompile Include="Engine\ソースファイル\Light\NDirectionalLight.cpp">
      <Filter>Engine\ソース ファイル\Light</Filter>
    </ClCompile>
    <ClCompile Include="Application\ソースファイル\Scene\NTestScene.cpp">
      <Filter>Application\ソースファイル\Scene</Filter>
    </ClCompile>
    <ClCompile Include="Engine\ソースファイル\Util\NColor.cpp">
      <Filter>Engine\ソース ファイル\Util</Filter>
    </ClCompile>
    <ClCompile Include="Engine\ソースファイル\Util\NImGuiManager.cpp">
      <Filter>Engine\ソース ファイル\Util</Filter>
    </ClCompile>
    <ClCompile Include="Engine\ソースファイル\Util\NAudioManager.cpp">
      <Filter>Engine\ソース ファイル\Util</Filter>
    </ClCompile>
    <ClCompile Include="Engine\ソースファイル\Util\NTimer.cpp">
      <Filter>Engine\ソース ファイル\Util</Filter>
    </ClCompile>
    <ClCompile Include="Engine\ソースファイル\Buffer\NConstBuff.cpp">
      <Filter>Engine\ソース ファイル\Buffer</Filter>
    </ClCompile>
    <ClCompile Include="Engine\ソースファイル\Light\NSpotLight.cpp">
      <Filter>Engine\ソース ファイル\Light</Filter>
    </ClCompile>
    <ClCompile Include="Engine\ソースファイル\Light\NCircleShadow.cpp">
      <Filter>Engine\ソース ファイル\Light</Filter>
    </ClCompile>
    <ClCompile Include="Engine\ソースファイル\Light\NPointLight.cpp">
      <Filter>Engine\ソース ファイル\Light</Filter>
    </ClCompile>
    <ClCompile Include="Engine\ソースファイル\Math\NVec4.cpp">
      <Filter>Engine\ソース ファイル\Math</Filter>
    </ClCompile>
    <ClCompile Include="Engine\ソースファイル\Light\NLightGroup.cpp">
      <Filter>Engine\ソース ファイル\Light</Filter>
    </ClCompile>
    <ClCompile Include="Engine\ソースファイル\Loader\NAssimpLoader.cpp">
      <Filter>Engine\ソース ファイル\Loader</Filter>
    </ClCompile>
    <ClCompile Include="Engine\ソースファイル\Loader\NLevelDataLoader.cpp">
      <Filter>Engine\ソース ファイル\Loader</Filter>
    </ClCompile>
    <ClCompile Include="Engine\ソースファイル\Util\NUtil.cpp">
      <Filter>Engine\ソース ファイル\Util</Filter>
    </ClCompile>
    <ClCompile Include="Engine\ソースファイル\Util\NEasing.cpp">
      <Filter>Engine\ソース ファイル\Util</Filter>
    </ClCompile>
    <ClCompile Include="Engine\ソースファイル\Collision\NCollider.cpp">
      <Filter>Engine\ソース ファイル\Collision</Filter>
    </ClCompile>
    <ClCompile Include="Engine\ソースファイル\PostEffect\GaussianBlur.cpp">
      <Filter>Engine\ソース ファイル\PostEffect</Filter>
    </ClCompile>
    <ClCompile Include="Engine\ソースファイル\PostEffect\NPostEffect.cpp">
      <Filter>Engine\ソース ファイル\PostEffect</Filter>
    </ClCompile>
    <ClCompile Include="Engine\ソースファイル\PostEffect\RadialBlur.cpp">
      <Filter>Engine\ソース ファイル\PostEffect</Filter>
    </ClCompile>
    <ClCompile Include="Application\ソースファイル\Scene\IScene.cpp">
      <Filter>Application\ソースファイル\Scene</Filter>
    </ClCompile>
    <ClCompile Include="Application\ソースファイル\Bullet\IBullet.cpp">
      <Filter>Application\ソースファイル\Bullet</Filter>
    </ClCompile>
    <ClCompile Include="Application\ソースファイル\Bullet\BulletManager.cpp">
      <Filter>Application\ソースファイル\Bullet</Filter>
    </ClCompile>
    <ClCompile Include="Application\ソースファイル\Bullet\LineBullet.cpp">
      <Filter>Application\ソースファイル\Bullet</Filter>
    </ClCompile>
    <ClCompile Include="Application\ソースファイル\Bullet\BulletFactory.cpp">
      <Filter>Application\ソースファイル\Bullet</Filter>
    </ClCompile>
    <ClCompile Include="Application\ソースファイル\Bullet\SideBullet.cpp">
      <Filter>Application\ソースファイル\Bullet</Filter>
    </ClCompile>
    <ClCompile Include="Application\ソースファイル\Field\Field.cpp">
      <Filter>Application\ソースファイル\Field</Filter>
    </ClCompile>
    <ClCompile Include="Application\ソースファイル\Field\Wave.cpp">
      <Filter>Application\ソースファイル\Field</Filter>
    </ClCompile>
    <ClCompile Include="Engine\ソースファイル\Particle\NParticle3D.cpp">
      <Filter>Engine\ソース ファイル\Particle</Filter>
    </ClCompile>
    <ClCompile Include="Engine\ソースファイル\Particle\NParticle2D.cpp">
      <Filter>Engine\ソース ファイル\Particle</Filter>
    </ClCompile>
    <ClCompile Include="Engine\ソースファイル\Util\NAudio.cpp">
      <Filter>Engine\ソース ファイル\Util</Filter>
    </ClCompile>
    <ClCompile Include="Engine\ソースファイル\Util\NCamera.cpp">
      <Filter>Engine\ソース ファイル\Util</Filter>
    </ClCompile>
    <ClCompile Include="Engine\ソースファイル\Util\NCameraManager.cpp">
      <Filter>Engine\ソース ファイル\Util</Filter>
    </ClCompile>
    <ClCompile Include="Engine\ソースファイル\3D\NModelManager.cpp">
      <Filter>Engine\ソース ファイル\3D</Filter>
    </ClCompile>
    <ClCompile Include="Engine\ソースファイル\Pipeline\NShader.cpp">
      <Filter>Engine\ソース ファイル\PipeLine</Filter>
    </ClCompile>
    <ClCompile Include="Engine\ソースファイル\Particle\NParticleManager.cpp">
      <Filter>Engine\ソース ファイル\Particle</Filter>
    </ClCompile>
    <ClCompile Include="Engine\ソースファイル\Particle\SimpleParticle.cpp">
      <Filter>Engine\ソース ファイル\Particle</Filter>
    </ClCompile>
    <ClCompile Include="Application\ソースファイル\Chara\Enemy\IEnemy.cpp">
      <Filter>Application\ソースファイル\Chara\Enemy</Filter>
    </ClCompile>
    <ClCompile Include="Application\ソースファイル\Chara\Enemy\Mouse.cpp">
      <Filter>Application\ソースファイル\Chara\Enemy</Filter>
    </ClCompile>
    <ClCompile Include="Application\ソースファイル\Chara\Enemy\EnemyManager.cpp">
      <Filter>Application\ソースファイル\Chara\Enemy</Filter>
    </ClCompile>
    <ClCompile Include="Engine\ソースファイル\Collision\NBaseCollider.cpp">
      <Filter>Engine\ソース ファイル\Collision</Filter>
    </ClCompile>
    <ClCompile Include="Engine\ソースファイル\Collision\NCollisionManager.cpp">
      <Filter>Engine\ソース ファイル\Collision</Filter>
    </ClCompile>
    <ClCompile Include="Engine\ソースファイル\Collision\SphereCollider.cpp">
      <Filter>Engine\ソース ファイル\Collision</Filter>
    </ClCompile>
    <ClCompile Include="Application\ソースファイル\Chara\Enemy\EnemyFactory.cpp">
      <Filter>Application\ソースファイル\Chara\Enemy</Filter>
    </ClCompile>
    <ClCompile Include="Application\ソースファイル\Scene\NSceneChange.cpp">
      <Filter>Application\ソースファイル\Scene</Filter>
    </ClCompile>
    <ClCompile Include="Engine\ソースファイル\3D\NTile.cpp">
      <Filter>Engine\ソース ファイル\3D</Filter>
    </ClCompile>
    <ClCompile Include="Engine\ソースファイル\FrameWork\NFramework.cpp">
      <Filter>Engine\ソース ファイル\FrameWork</Filter>
    </ClCompile>
    <ClCompile Include="Engine\ソースファイル\FrameWork\NGame.cpp">
      <Filter>Engine\ソース ファイル\FrameWork</Filter>
    </ClCompile>
    <ClCompile Include="Application\ソースファイル\Chara\Player\Player.cpp">
      <Filter>Application\ソースファイル\Chara\Player</Filter>
    </ClCompile>
    <ClCompile Include="Engine\ソースファイル\3D\IModel.cpp">
      <Filter>Engine\ソース ファイル\3D\Model</Filter>
    </ClCompile>
    <ClInclude Include="Application\ヘッダーファイル\Bullet\BulletFactory.h" />
    <ClInclude Include="Application\ヘッダーファイル\Chara\Enemy\EnemyFactory.h" />
    <ClInclude Include="Application\ヘッダーファイル\Chara\Enemy\EnemyManager.h" />
    <ClInclude Include="Application\ヘッダーファイル\Field\Field.h" />
    <ClInclude Include="Application\ヘッダーファイル\Bullet\IBullet.h" />
    <ClInclude Include="Application\ヘッダーファイル\Bullet\BulletManager.h" />
    <ClInclude Include="Application\ヘッダーファイル\Chara\Enemy\IEnemy.h" />
    <ClInclude Include="Application\ヘッダーファイル\Scene\IScene.h" />
    <ClInclude Include="Application\ヘッダーファイル\Bullet\LineBullet.h" />
    <ClInclude Include="Engine\ヘッダーファイル\Loader\NAssimpLoader.h" />
    <ClInclude Include="External\json.hpp" />
    <ClInclude Include="Engine\ヘッダーファイル\Collision\NBaseCollider.h" />
    <ClInclude Include="Engine\ヘッダーファイル\Util\NCameraManager.h" />
    <ClInclude Include="Engine\ヘッダーファイル\Collision\NCollider.h" />
    <ClInclude Include="Engine\ヘッダーファイル\Collision\NCollisionManager.h" />
    <ClInclude Include="Engine\ヘッダーファイル\Util\NEasing.h" />
    <ClInclude Include="Engine\ヘッダーファイル\Loader\NLevelDataLoader.h" />
    <ClInclude Include="Engine\ヘッダーファイル\Buffer\NConstBuffData.h" />
    <ClInclude Include="Engine\ヘッダーファイル\Util\NImGuiManager.h" />
    <ClInclude Include="Engine\ヘッダーファイル\Util\NAudioManager.h" />
    <ClInclude Include="Engine\ヘッダーファイル\Light\NCircleShadow.h" />
    <ClInclude Include="Engine\ヘッダーファイル\Util\NColor.h" />
    <ClInclude Include="Engine\ヘッダーファイル\Buffer\NConstBuff.h" />
    <ClInclude Include="Engine\ヘッダーファイル\Light\NDirectionalLight.h" />
    <ClInclude Include="Engine\ヘッダーファイル\Util\NAudio.h" />
    <ClInclude Include="Engine\ヘッダーファイル\Util\NCamera.h" />
    <ClInclude Include="Engine\ヘッダーファイル\Collision\NCollision.h" />
    <ClInclude Include="Application\ヘッダーファイル\Scene\NGameScene.h" />
    <ClInclude Include="Engine\ヘッダーファイル\Buffer\NIndexBuff.h" />
    <ClInclude Include="Engine\ヘッダーファイル\Math\NMathUtil.h" />
    <ClInclude Include="Engine\ヘッダーファイル\3D\IModel.h" />
    <ClInclude Include="Engine\ヘッダーファイル\3D\NMtllib.h" />
    <ClInclude Include="Engine\ヘッダーファイル\Basic\NPreDraw.h" />
    <ClInclude Include="Engine\ヘッダーファイル\3D\NObj3d.h" />
    <ClInclude Include="Engine\ヘッダーファイル\Pipeline\NMaterial.h" />
    <ClInclude Include="Engine\ヘッダーファイル\Pipeline\NGPipeline.h" />
    <ClInclude Include="Engine\ヘッダーファイル\Math\NMatrix4.h" />
    <ClInclude Include="Engine\ヘッダーファイル\Basic\NDX12.h" />
    <ClInclude Include="Engine\ヘッダーファイル\Basic\NInput.h" />
    <ClInclude Include="Engine\ヘッダーファイル\Math\NQuaternion.h" />
    <ClInclude Include="Engine\ヘッダーファイル\Pipeline\NRootParam.h" />
    <ClInclude Include="Engine\ヘッダーファイル\Pipeline\NRootSignature.h" />
    <ClInclude Include="Application\ヘッダーファイル\Scene\NSceneManager.h" />
    <ClInclude Include="Engine\ヘッダーファイル\2D\NSprite.h" />
    <ClInclude Include="Engine\ヘッダーファイル\Basic\NTexture.h" />
    <ClInclude Include="Application\ヘッダーファイル\Scene\NTitleScene.h" />
    <ClInclude Include="Engine\ヘッダーファイル\Basic\NVertex.h" />
    <ClInclude Include="Engine\ヘッダーファイル\Buffer\NVertexBuff.h" />
    <ClInclude Include="Engine\ヘッダーファイル\Basic\NWindows.h" />
    <ClInclude Include="Engine\ヘッダーファイル\Math\NVec2.h" />
    <ClInclude Include="Engine\ヘッダーファイル\Math\NVec3.h" />
    <ClInclude Include="Engine\ヘッダーファイル\FrameWork\NFramework.h" />
    <ClInclude Include="Engine\ヘッダーファイル\FrameWork\NGame.h" />
    <ClInclude Include="Engine\ヘッダーファイル\Light\NLightGroup.h" />
    <ClInclude Include="Engine\ヘッダーファイル\3D\NModelManager.h" />
    <ClInclude Include="Engine\ヘッダーファイル\PostEffect\GaussianBlur.h" />
    <ClInclude Include="Engine\ヘッダーファイル\Particle\NParticle2D.h" />
    <ClInclude Include="Engine\ヘッダーファイル\Particle\NParticleManager.h" />
    <ClInclude Include="Engine\ヘッダーファイル\Light\NPointLight.h" />
    <ClInclude Include="Engine\ヘッダーファイル\PostEffect\NPostEffect.h" />
    <ClInclude Include="Application\ヘッダーファイル\Scene\NTestScene.h" />
    <ClInclude Include="Application\ヘッダーファイル\Scene\NSceneChange.h" />
    <ClInclude Include="Engine\ヘッダーファイル\Pipeline\NShader.h" />
    <ClInclude Include="Engine\ヘッダーファイル\Light\NSpotLight.h" />
    <ClInclude Include="Engine\ヘッダーファイル\3D\NTile.h" />
    <ClInclude Include="Engine\ヘッダーファイル\Util\NTimer.h" />
    <ClInclude Include="Engine\ヘッダーファイル\Util\NUtil.h" />
    <ClInclude Include="Engine\ヘッダーファイル\Math\NVec4.h" />
    <ClInclude Include="Engine\ヘッダーファイル\Particle\NParticle3D.h" />
    <ClInclude Include="Application\ヘッダーファイル\Chara\Player\Player.h" />
    <ClInclude Include="Engine\ヘッダーファイル\PostEffect\RadialBlur.h" />
    <ClInclude Include="Application\ヘッダーファイル\Bullet\SideBullet.h" />
    <ClInclude Include="Engine\ヘッダーファイル\Particle\SimpleParticle.h" />
    <ClInclude Include="Engine\ヘッダーファイル\Collision\SphereCollider.h" />
    <ClInclude Include="Application\ヘッダーファイル\Field\Wave.h" />
    <ClInclude Include="Application\ヘッダーファイル\Chara\Enemy\Mouse.h" />
    <ClInclude Include="Engine\ヘッダーファイル\3D\NFbxModel.h" />
    <ClInclude Include="Engine\ヘッダーファイル\3D\NMesh.h" />
    <ClInclude Include="Engine\ヘッダーファイル\3D\NObjModel.h" />
    <ClInclude Include="Engine\ヘッダーファイル\Util\NumDrower.h" />
    <ClInclude Include="Application\ヘッダーファイル\Field\Score.h" />
    <ClCompile Include="Application\ソースファイル\Item\Item.cpp" />
    <ClCompile Include="Application\ソースファイル\Item\ItemManager.cpp" />
  </ItemGroup>
  <ItemGroup>
    <None Include="packages.config" />
    <None Include="Resources\shaders\GaussianBlur.hlsli" />
    <None Include="Resources\shaders\CG4.hlsli" />
    <None Include="Resources\shaders\Model.hlsli" />
    <None Include="Resources\shaders\Obj.hlsli" />
    <None Include="Resources\shaders\Particle3D.hlsli" />
    <None Include="Resources\shaders\RadialBlur.hlsli" />
    <None Include="Resources\shaders\Sprite.hlsli" />
    <None Include="Resources\shaders\Tile.hlsli" />
    <None Include="Resources\shaders\Fbx.hlsli" />
  </ItemGroup>
  <ItemGroup>
    <ClInclude Include="PlaneCollider.h" />
  </ItemGroup>
</Project>