<?xml version="1.0" encoding="utf-8"?>
<Project ToolsVersion="4.0" xmlns="http://schemas.microsoft.com/developer/msbuild/2003">
  <ItemGroup>
    <ClCompile Include="Application\Source\Bullet\BulletFactory.cpp" />
    <ClCompile Include="Application\Source\Chara\Enemy\EnemyFactory.cpp" />
    <ClCompile Include="Application\Source\Chara\Enemy\EnemyManager.cpp" />
    <ClCompile Include="Application\Source\Field\Field.cpp" />
    <ClCompile Include="Application\Source\Bullet\IBullet.cpp" />
    <ClCompile Include="Application\Source\Bullet\BulletManager.cpp" />
    <ClCompile Include="Application\Source\Chara\Enemy\IEnemy.cpp" />
    <ClCompile Include="Engine\Source\Scene\IScene.cpp" />
    <ClCompile Include="Application\Source\Bullet\LineBullet.cpp" />
    <ClCompile Include="Engine\Source\Loader\NAssimpLoader.cpp" />
    <ClCompile Include="Engine\Source\Util\NImGuiManager.cpp" />
    <ClCompile Include="Engine\Source\Collision\NBaseCollider.cpp" />
    <ClCompile Include="Engine\Source\Util\NCameraManager.cpp" />
    <ClCompile Include="Engine\Source\Collision\NCollider.cpp" />
    <ClCompile Include="Engine\Source\Collision\NCollisionManager.cpp" />
    <ClCompile Include="Engine\Source\Util\NEasing.cpp" />
    <ClCompile Include="Engine\Source\Loader\NLevelDataLoader.cpp" />
    <ClCompile Include="Engine\Source\Util\NAudioManager.cpp" />
    <ClCompile Include="Engine\Source\Light\NCircleShadow.cpp" />
    <ClCompile Include="Engine\Source\Util\NColor.cpp" />
    <ClCompile Include="Engine\Source\Buffer\NConstBuff.cpp" />
    <ClCompile Include="Engine\Source\Light\NDirectionalLight.cpp" />
    <ClCompile Include="Engine\Source\Util\NAudio.cpp" />
    <ClCompile Include="Engine\Source\Util\NCamera.cpp" />
    <ClCompile Include="Engine\Source\Collision\NCollision.cpp" />
    <ClCompile Include="Application\Source\Scene\NGameScene.cpp" />
    <ClCompile Include="Engine\Source\Buffer\NIndexBuff.cpp" />
    <ClCompile Include="Engine\Source\Math\NMathUtil.cpp" />
    <ClCompile Include="Engine\Source\3D\IModel.cpp" />
    <ClCompile Include="Engine\Source\3D\NMtllib.cpp" />
    <ClCompile Include="Engine\Source\Basic\NPreDraw.cpp" />
    <ClCompile Include="Engine\Source\3D\NObj3d.cpp" />
    <ClCompile Include="Engine\Source\Pipeline\NMaterial.cpp" />
    <ClCompile Include="Engine\Source\Pipeline\NGPipeline.cpp" />
    <ClCompile Include="Engine\Source\Math\NMatrix4.cpp" />
    <ClCompile Include="Engine\Source\Basic\NDX12.cpp" />
    <ClCompile Include="Engine\Source\Basic\NInput.cpp" />
    <ClCompile Include="Engine\Source\FrameWork\NFramework.cpp" />
    <ClCompile Include="Engine\Source\FrameWork\NGame.cpp" />
    <ClCompile Include="main\main.cpp" />
    <ClCompile Include="Engine\Source\Math\NQuaternion.cpp" />
    <ClCompile Include="Engine\Source\Pipeline\NRootParam.cpp" />
    <ClCompile Include="Engine\Source\Pipeline\NRootSignature.cpp" />
    <ClCompile Include="Application\Source\Scene\NSceneManager.cpp" />
    <ClCompile Include="Engine\Source\2D\NSprite.cpp" />
    <ClCompile Include="Engine\Source\Basic\NTexture.cpp" />
    <ClCompile Include="Application\Source\Scene\NTitleScene.cpp" />
    <ClCompile Include="Engine\Source\Basic\NVertex.cpp" />
    <ClCompile Include="Engine\Source\Buffer\NVertexBuff.cpp" />
    <ClCompile Include="Engine\Source\Basic\NWindows.cpp" />
    <ClCompile Include="Engine\Source\Math\NVec2.cpp" />
    <ClCompile Include="Engine\Source\Math\NVec3.cpp" />
    <ClCompile Include="Engine\Source\Light\NLightGroup.cpp" />
    <ClCompile Include="Engine\Source\3D\NModelManager.cpp" />
    <ClCompile Include="Engine\Source\PostEffect\GaussianBlur.cpp" />
    <ClCompile Include="Engine\Source\Particle\NParticle2D.cpp" />
    <ClCompile Include="Engine\Source\Particle\NParticleManager.cpp" />
    <ClCompile Include="Engine\Source\Light\NPointLight.cpp" />
    <ClCompile Include="Engine\Source\PostEffect\IPostEffect.cpp" />
    <ClCompile Include="Application\Source\Scene\NTestScene.cpp" />
    <ClCompile Include="Engine\Source\Scene\NSceneChange.cpp" />
    <ClCompile Include="Engine\Source\Pipeline\NShader.cpp" />
    <ClCompile Include="Engine\Source\Light\NSpotLight.cpp" />
    <ClCompile Include="Engine\Source\3D\NTile.cpp" />
    <ClCompile Include="Engine\Source\Util\NTimer.cpp" />
    <ClCompile Include="Engine\Source\Util\NUtil.cpp" />
    <ClCompile Include="Engine\Source\Math\NVec4.cpp" />
    <ClCompile Include="Engine\Source\Particle\NParticle3D.cpp" />
    <ClCompile Include="Application\Source\Chara\Player\Player.cpp" />
    <ClCompile Include="Engine\Source\PostEffect\RadialBlur.cpp" />
    <ClCompile Include="Application\Source\Bullet\SideBullet.cpp" />
    <ClCompile Include="Engine\Source\Particle\SimpleParticle.cpp" />
    <ClCompile Include="Engine\Source\Collision\SphereCollider.cpp" />
    <ClCompile Include="Application\Source\Field\Wave.cpp" />
    <ClCompile Include="Application\Source\Chara\Enemy\Mouse.cpp" />
    <ClCompile Include="Engine\Source\3D\NFbxModel.cpp" />
    <ClCompile Include="Engine\Source\3D\NMesh.cpp" />
    <ClCompile Include="Engine\Source\3D\NObjModel.cpp" />
    <ClCompile Include="Engine\Source\Util\NumDrower.cpp" />
    <ClCompile Include="Application\Source\Field\Score.cpp" />
    <ClInclude Include="Application\Header\Bullet\BulletFactory.h" />
    <ClInclude Include="Application\Header\Chara\Enemy\EnemyFactory.h" />
    <ClInclude Include="Application\Header\Chara\Enemy\EnemyManager.h" />
    <ClInclude Include="Application\Header\Field\Field.h" />
    <ClInclude Include="Application\Header\Bullet\IBullet.h" />
    <ClInclude Include="Application\Header\Bullet\BulletManager.h" />
    <ClInclude Include="Application\Header\Chara\Enemy\IEnemy.h" />
    <ClInclude Include="Engine\Header\Scene\IScene.h" />
    <ClInclude Include="Application\Header\Bullet\LineBullet.h" />
    <ClInclude Include="Engine\Header\Loader\NAssimpLoader.h" />
    <ClInclude Include="External\json.hpp" />
    <ClInclude Include="Engine\Header\Collision\NBaseCollider.h" />
    <ClInclude Include="Engine\Header\Util\NCameraManager.h" />
    <ClInclude Include="Engine\Header\Collision\NCollider.h" />
    <ClInclude Include="Engine\Header\Collision\NCollisionManager.h" />
    <ClInclude Include="Engine\Header\Util\NEasing.h" />
    <ClInclude Include="Engine\Header\Loader\NLevelDataLoader.h" />
    <ClInclude Include="Engine\Header\Buffer\NConstBuffData.h" />
    <ClInclude Include="Engine\Header\Util\NImGuiManager.h" />
    <ClInclude Include="Engine\Header\Util\NAudioManager.h" />
    <ClInclude Include="Engine\Header\Light\NCircleShadow.h" />
    <ClInclude Include="Engine\Header\Util\NColor.h" />
    <ClInclude Include="Engine\Header\Buffer\NConstBuff.h" />
    <ClInclude Include="Engine\Header\Light\NDirectionalLight.h" />
    <ClInclude Include="Engine\Header\Util\NAudio.h" />
    <ClInclude Include="Engine\Header\Util\NCamera.h" />
    <ClInclude Include="Engine\Header\Collision\NCollision.h" />
    <ClInclude Include="Application\Header\Scene\NGameScene.h" />
    <ClInclude Include="Engine\Header\Buffer\NIndexBuff.h" />
    <ClInclude Include="Engine\Header\Math\NMathUtil.h" />
    <ClInclude Include="Engine\Header\3D\IModel.h" />
    <ClInclude Include="Engine\Header\3D\NMtllib.h" />
    <ClInclude Include="Engine\Header\Basic\NPreDraw.h" />
    <ClInclude Include="Engine\Header\3D\NObj3d.h" />
    <ClInclude Include="Engine\Header\Pipeline\NMaterial.h" />
    <ClInclude Include="Engine\Header\Pipeline\NGPipeline.h" />
    <ClInclude Include="Engine\Header\Math\NMatrix4.h" />
    <ClInclude Include="Engine\Header\Basic\NDX12.h" />
    <ClInclude Include="Engine\Header\Basic\NInput.h" />
    <ClInclude Include="Engine\Header\Math\NQuaternion.h" />
    <ClInclude Include="Engine\Header\Pipeline\NRootParam.h" />
    <ClInclude Include="Engine\Header\Pipeline\NRootSignature.h" />
    <ClInclude Include="Application\Header\Scene\NSceneManager.h" />
    <ClInclude Include="Engine\Header\2D\NSprite.h" />
    <ClInclude Include="Engine\Header\Basic\NTexture.h" />
    <ClInclude Include="Application\Header\Scene\NTitleScene.h" />
    <ClInclude Include="Engine\Header\Basic\NVertex.h" />
    <ClInclude Include="Engine\Header\Buffer\NVertexBuff.h" />
    <ClInclude Include="Engine\Header\Basic\NWindows.h" />
    <ClInclude Include="Engine\Header\Math\NVec2.h" />
    <ClInclude Include="Engine\Header\Math\NVec3.h" />
    <ClInclude Include="Engine\Header\FrameWork\NFramework.h" />
    <ClInclude Include="Engine\Header\FrameWork\NGame.h" />
    <ClInclude Include="Engine\Header\Light\NLightGroup.h" />
    <ClInclude Include="Engine\Header\3D\NModelManager.h" />
    <ClInclude Include="Engine\Header\PostEffect\GaussianBlur.h" />
    <ClInclude Include="Engine\Header\Particle\NParticle2D.h" />
    <ClInclude Include="Engine\Header\Particle\NParticleManager.h" />
    <ClInclude Include="Engine\Header\Light\NPointLight.h" />
    <ClInclude Include="Engine\Header\PostEffect\IPostEffect.h" />
    <ClInclude Include="Application\Header\Scene\NTestScene.h" />
    <ClInclude Include="Engine\Header\Scene\NSceneChange.h" />
    <ClInclude Include="Engine\Header\Pipeline\NShader.h" />
    <ClInclude Include="Engine\Header\Light\NSpotLight.h" />
    <ClInclude Include="Engine\Header\3D\NTile.h" />
    <ClInclude Include="Engine\Header\Util\NTimer.h" />
    <ClInclude Include="Engine\Header\Util\NUtil.h" />
    <ClInclude Include="Engine\Header\Math\NVec4.h" />
    <ClInclude Include="Engine\Header\Particle\NParticle3D.h" />
    <ClInclude Include="Application\Header\Chara\Player\Player.h" />
    <ClInclude Include="Engine\Header\PostEffect\RadialBlur.h" />
    <ClInclude Include="Application\Header\Bullet\SideBullet.h" />
    <ClInclude Include="Engine\Header\Particle\SimpleParticle.h" />
    <ClInclude Include="Engine\Header\Collision\SphereCollider.h" />
    <ClInclude Include="Application\Header\Field\Wave.h" />
    <ClInclude Include="Application\Header\Chara\Enemy\Mouse.h" />
    <ClInclude Include="Application\Header\Item\Item.h" />
    <ClInclude Include="Application\Header\Item\ItemManager.h" />
    <ClCompile Include="Engine\Source\Collision\PlaneCollider.cpp" />
    <ClCompile Include="Application\Source\Bullet\WideBullet.cpp" />
    <ClCompile Include="Engine\Source\Collision\RayCollider.cpp" />
    <ClCompile Include="Engine\Source\PostEffect\NPostEffectManager.cpp" />
    <ClCompile Include="Engine\Source\PostEffect\Bloom.cpp" />
    <ClCompile Include="Application\Source\UI\UI.cpp" />
    <ClCompile Include="Engine\Source\Particle\NGPUParticle.cpp" />
    <ClCompile Include="Application\Source\Field\BackObj.cpp" />
    <ClCompile Include="Application\Source\Chara\Boss\Boss.cpp" />
    <ClCompile Include="Engine\Source\Collision\CircleCollider.cpp" />
    <ClCompile Include="Engine\Source\Collision\SquareCollider.cpp" />
    <ClCompile Include="Application\Source\Chara\Enemy\Snake.cpp" />
    <ClCompile Include="Car.cpp" />
  </ItemGroup>
  <ItemGroup>
    <ClCompile Include="main\main.cpp">
      <Filter>main</Filter>
    </ClCompile>
    <ClInclude Include="External\json.hpp" />
    <ClInclude Include="Engine\Header\3D\NFbxModel.h" />
    <ClInclude Include="Engine\Header\3D\NMesh.h" />
    <ClInclude Include="Engine\Header\3D\NObjModel.h" />
    <ClInclude Include="Engine\Header\Util\NumDrower.h" />
    <ClInclude Include="Application\Header\Field\Score.h" />
    <ClCompile Include="Application\Source\Item\Item.cpp" />
    <ClCompile Include="Application\Source\Item\ItemManager.cpp" />
  </ItemGroup>
  <ItemGroup>
    <None Include="packages.config" />
    <None Include="Resources\shaders\BackObj\BackObj.hlsli" />
    <None Include="Resources\shaders\Fbx\Fbx.hlsli" />
    <None Include="Resources\shaders\Bloom\Bloom.hlsli" />
    <None Include="Resources\shaders\GaussianBlur\GaussianBlur.hlsli" />
    <None Include="Resources\shaders\Glitch\Glitch.hlsli" />
    <None Include="Resources\shaders\GPUParticle\GPUParticle.hlsli" />
    <None Include="Resources\shaders\Model\Model.hlsli" />
    <None Include="Resources\shaders\Obj3D\Obj3D.hlsli" />
    <None Include="Resources\shaders\Particle3D\Particle3D.hlsli" />
    <None Include="Resources\shaders\ParticlePolygon\ParticlePolygon.hlsli" />
    <None Include="Resources\shaders\RadialBlur\RadialBlur.hlsli" />
    <None Include="Resources\shaders\Sprite\Sprite.hlsli" />
    <None Include="Resources\shaders\Tile\Tile.hlsli" />
  </ItemGroup>
  <ItemGroup>
    <ClInclude Include="Engine\Header\Collision\PlaneCollider.h" />
    <ClInclude Include="Application\Header\Bullet\WideBullet.h" />
    <ClInclude Include="Engine\Header\Collision\RayCollider.h" />
    <ClInclude Include="Engine\Header\PostEffect\NPostEffectManager.h" />
    <ClInclude Include="Engine\Header\PostEffect\Bloom.h" />
    <ClInclude Include="Application\Header\UI\UI.h" />
    <ClInclude Include="Engine\Header\Particle\NGPUParticle.h" />
    <ClInclude Include="Application\Header\Field\BackObj.h" />
    <ClInclude Include="Application\Header\Chara\Boss\Boss.h" />
    <ClInclude Include="Engine\Header\Collision\CircleCollider.h" />
    <ClInclude Include="Engine\Header\Collision\SquareCollider.h" />
    <ClInclude Include="Application\Header\Chara\Enemy\Snake.h" />
    <ClInclude Include="Car.h" />
  </ItemGroup>
  <ItemGroup>
    <FxCompile Include="Resources\shaders\BackObj\BackObjGS.hlsl" />
    <FxCompile Include="Resources\shaders\BackObj\BackObjPS.hlsl" />
    <FxCompile Include="Resources\shaders\BackObj\BackObjVS.hlsl" />
    <FxCompile Include="Resources\shaders\Fbx\FbxPS.hlsl" />
    <FxCompile Include="Resources\shaders\Fbx\FbxVS.hlsl" />
    <FxCompile Include="Resources\shaders\Bloom\BloomPS.hlsl" />
    <FxCompile Include="Resources\shaders\Bloom\BloomVS.hlsl" />
    <FxCompile Include="Resources\shaders\GaussianBlur\GaussianBlurPS.hlsl" />
    <FxCompile Include="Resources\shaders\GaussianBlur\GaussianBlurVS.hlsl" />
    <FxCompile Include="Resources\shaders\Glitch\GlitchPS.hlsl" />
    <FxCompile Include="Resources\shaders\Glitch\GlitchVS.hlsl" />
    <FxCompile Include="Resources\shaders\GPUParticle\GPUParticleCS.hlsl" />
    <FxCompile Include="Resources\shaders\GPUParticle\GPUParticleGS.hlsl" />
    <FxCompile Include="Resources\shaders\GPUParticle\GPUParticlePS.hlsl" />
    <FxCompile Include="Resources\shaders\GPUParticle\GPUParticleVS.hlsl" />
    <FxCompile Include="Resources\shaders\Model\ModelPS.hlsl" />
    <FxCompile Include="Resources\shaders\Model\ModelVS.hlsl" />
    <FxCompile Include="Resources\shaders\Obj3D\Obj3DPS.hlsl" />
    <FxCompile Include="Resources\shaders\Obj3D\Obj3DVS.hlsl" />
    <FxCompile Include="Resources\shaders\Particle3D\Particle3DGS.hlsl" />
    <FxCompile Include="Resources\shaders\Particle3D\Particle3DPS.hlsl" />
    <FxCompile Include="Resources\shaders\Particle3D\Particle3DVS.hlsl" />
    <FxCompile Include="Resources\shaders\ParticlePolygon\ParticlePolygonGS.hlsl" />
    <FxCompile Include="Resources\shaders\ParticlePolygon\ParticlePolygonPS.hlsl" />
    <FxCompile Include="Resources\shaders\ParticlePolygon\ParticlePolygonVS.hlsl" />
    <FxCompile Include="Resources\shaders\RadialBlur\RadialBlurPS.hlsl" />
    <FxCompile Include="Resources\shaders\RadialBlur\RadialBlurVS.hlsl" />
    <FxCompile Include="Resources\shaders\Sprite\SpritePS.hlsl" />
    <FxCompile Include="Resources\shaders\Sprite\SpriteVS.hlsl" />
    <FxCompile Include="Resources\shaders\Tile\TileGS.hlsl" />
    <FxCompile Include="Resources\shaders\Tile\TilePS.hlsl" />
    <FxCompile Include="Resources\shaders\Tile\TileVS.hlsl" />
  </ItemGroup>
</Project>